
Microsoft Visual Studio Solution File, Format Version 12.00
# Visual Studio 15
VisualStudioVersion = 15.0.28307.168
MinimumVisualStudioVersion = 10.0.40219.1
Project("{FAE04EC0-301F-11D3-BF4B-00C04F79EFBC}") = "AlteringHistoryLIVE", "DemolishingHistory\AlteringHistoryLIVE.csproj", "{2E642585-B918-49CC-933B-B913BA45BCD3}"
EndProject
Project("{FAE04EC0-301F-11D3-BF4B-00C04F79EFBC}") = "AlteringHistoryTEST", "AlteringHistoryTEST\AlteringHistoryTEST.csproj", "{810A2A81-4685-4207-85AE-27ABC23E16A8}"
EndProject
Global
	GlobalSection(SolutionConfigurationPlatforms) = preSolution
		Debug|Any CPU = Debug|Any CPU
		Release|Any CPU = Release|Any CPU
	EndGlobalSection
	GlobalSection(ProjectConfigurationPlatforms) = postSolution
		{2E642585-B918-49CC-933B-B913BA45BCD3}.Debug|Any CPU.ActiveCfg = Debug|Any CPU
		{2E642585-B918-49CC-933B-B913BA45BCD3}.Debug|Any CPU.Build.0 = Debug|Any CPU
		{2E642585-B918-49CC-933B-B913BA45BCD3}.Release|Any CPU.ActiveCfg = Release|Any CPU
		{2E642585-B918-49CC-933B-B913BA45BCD3}.Release|Any CPU.Build.0 = Release|Any CPU
		{810A2A81-4685-4207-85AE-27ABC23E16A8}.Debug|Any CPU.ActiveCfg = Debug|Any CPU
		{810A2A81-4685-4207-85AE-27ABC23E16A8}.Debug|Any CPU.Build.0 = Debug|Any CPU
		{810A2A81-4685-4207-85AE-27ABC23E16A8}.Release|Any CPU.ActiveCfg = Release|Any CPU
		{810A2A81-4685-4207-85AE-27ABC23E16A8}.Release|Any CPU.Build.0 = Release|Any CPU
	EndGlobalSection
	GlobalSection(SolutionProperties) = preSolution
		HideSolutionNode = FALSE
	EndGlobalSection
	GlobalSection(ExtensibilityGlobals) = postSolution
		SolutionGuid = {EA67F7C3-C3DA-47B3-87C2-7BCB716B5278}
	EndGlobalSection
EndGlobal
